
Microsoft Visual Studio Solution File, Format Version 12.00
# Visual Studio 15
VisualStudioVersion = 15.0.27130.2020
MinimumVisualStudioVersion = 10.0.40219.1
Project("{FAE04EC0-301F-11D3-BF4B-00C04F79EFBC}") = "Minesweeper", "Minesweeper\Minesweeper.csproj", "{B5232D62-1179-4B4B-BDF7-6D258F8DDB28}"
EndProject
Global
	GlobalSection(SolutionConfigurationPlatforms) = preSolution
		Debug|Any CPU = Debug|Any CPU
		Release|Any CPU = Release|Any CPU
	EndGlobalSection
	GlobalSection(ProjectConfigurationPlatforms) = postSolution
		{B5232D62-1179-4B4B-BDF7-6D258F8DDB28}.Debug|Any CPU.ActiveCfg = Debug|Any CPU
		{B5232D62-1179-4B4B-BDF7-6D258F8DDB28}.Debug|Any CPU.Build.0 = Debug|Any CPU
		{B5232D62-1179-4B4B-BDF7-6D258F8DDB28}.Release|Any CPU.ActiveCfg = Release|Any CPU
		{B5232D62-1179-4B4B-BDF7-6D258F8DDB28}.Release|Any CPU.Build.0 = Release|Any CPU
	EndGlobalSection
	GlobalSection(SolutionProperties) = preSolution
		HideSolutionNode = FALSE
	EndGlobalSection
	GlobalSection(ExtensibilityGlobals) = postSolution
		SolutionGuid = {4A3990C4-FF29-43A6-81D1-50DB97AE4BA9}
	EndGlobalSection
EndGlobal
